
Microsoft Visual Studio Solution File, Format Version 12.00
# Visual Studio Version 17
VisualStudioVersion = 17.3.32611.2
MinimumVisualStudioVersion = 10.0.40219.1
Project("{9A19103F-16F7-4668-BE54-9A1E7A4F7556}") = "Abp.eCommerce.Domain", "src\Abp.eCommerce.Domain\Abp.eCommerce.Domain.csproj", "{554AD327-6DBA-4F8F-96F8-81CE7A0C863F}"
EndProject
Project("{9A19103F-16F7-4668-BE54-9A1E7A4F7556}") = "Abp.eCommerce.Application", "src\Abp.eCommerce.Application\Abp.eCommerce.Application.csproj", "{1A94A50E-06DC-43C1-80B5-B662820EC3EB}"
EndProject
Project("{9A19103F-16F7-4668-BE54-9A1E7A4F7556}") = "Abp.eCommerce.Web", "src\Abp.eCommerce.Web\Abp.eCommerce.Web.csproj", "{068855E8-9240-4F1A-910B-CF825794513B}"
EndProject
Project("{2150E333-8FDC-42A3-9474-1A3956D46DE8}") = "src", "src", "{CA9AC87F-097E-4F15-8393-4BC07735A5B0}"
EndProject
Project("{2150E333-8FDC-42A3-9474-1A3956D46DE8}") = "test", "test", "{04DBDB01-70F4-4E06-B468-8F87850B22BE}"
EndProject
Project("{9A19103F-16F7-4668-BE54-9A1E7A4F7556}") = "Abp.eCommerce.Application.Tests", "test\Abp.eCommerce.Application.Tests\Abp.eCommerce.Application.Tests.csproj", "{50B2631D-129C-47B3-A587-029CCD6099BC}"
EndProject
Project("{9A19103F-16F7-4668-BE54-9A1E7A4F7556}") = "Abp.eCommerce.Web.Tests", "test\Abp.eCommerce.Web.Tests\Abp.eCommerce.Web.Tests.csproj", "{5F1B28C6-8D0C-4155-92D0-252F7EA5F674}"
EndProject
Project("{9A19103F-16F7-4668-BE54-9A1E7A4F7556}") = "Abp.eCommerce.MongoDB", "src\Abp.eCommerce.MongoDB\Abp.eCommerce.MongoDB.csproj", "{E3444355-D47E-431E-BDD0-DD3A7113B2AE}"
EndProject
Project("{9A19103F-16F7-4668-BE54-9A1E7A4F7556}") = "Abp.eCommerce.Domain.Shared", "src\Abp.eCommerce.Domain.Shared\Abp.eCommerce.Domain.Shared.csproj", "{42F719ED-8413-4895-B5B4-5AB56079BC66}"
EndProject
Project("{9A19103F-16F7-4668-BE54-9A1E7A4F7556}") = "Abp.eCommerce.Application.Contracts", "src\Abp.eCommerce.Application.Contracts\Abp.eCommerce.Application.Contracts.csproj", "{520659C8-C734-4298-A3DA-B539DB9DFC0B}"
EndProject
Project("{9A19103F-16F7-4668-BE54-9A1E7A4F7556}") = "Abp.eCommerce.HttpApi", "src\Abp.eCommerce.HttpApi\Abp.eCommerce.HttpApi.csproj", "{4164BDF7-F527-4E85-9CE6-E3C2D7426A27}"
EndProject
Project("{9A19103F-16F7-4668-BE54-9A1E7A4F7556}") = "Abp.eCommerce.TestBase", "test\Abp.eCommerce.TestBase\Abp.eCommerce.TestBase.csproj", "{91853F21-9CD9-4132-BC29-A7D5D84FFFE7}"
EndProject
Project("{9A19103F-16F7-4668-BE54-9A1E7A4F7556}") = "Abp.eCommerce.Domain.Tests", "test\Abp.eCommerce.Domain.Tests\Abp.eCommerce.Domain.Tests.csproj", "{E512F4D9-9375-480F-A2F6-A46509F9D824}"
EndProject
Project("{9A19103F-16F7-4668-BE54-9A1E7A4F7556}") = "Abp.eCommerce.MongoDB.Tests", "test\Abp.eCommerce.MongoDB.Tests\Abp.eCommerce.MongoDB.Tests.csproj", "{6015D17B-104B-4EC2-A9B7-D8A40C891458}"
EndProject
Project("{9A19103F-16F7-4668-BE54-9A1E7A4F7556}") = "Abp.eCommerce.DbMigrator", "src\Abp.eCommerce.DbMigrator\Abp.eCommerce.DbMigrator.csproj", "{70680696-BB1E-4383-BCB2-42C3767171FB}"
EndProject
Project("{FAE04EC0-301F-11D3-BF4B-00C04F79EFBC}") = "Abp.eCommerce.AuthServer", "src\Abp.eCommerce.AuthServer\Abp.eCommerce.AuthServer.csproj", "{BD3B9178-E82B-4F2B-A540-0BCE4D3FFBFA}"
EndProject
Project("{FAE04EC0-301F-11D3-BF4B-00C04F79EFBC}") = "Abp.eCommerce.HttpApi.Host", "src\Abp.eCommerce.HttpApi.Host\Abp.eCommerce.HttpApi.Host.csproj", "{8D460357-035F-4CFC-B557-4E9F78DDDE73}"
EndProject
Project("{2150E333-8FDC-42A3-9474-1A3956D46DE8}") = "modules", "modules", "{8E68D527-551B-4D8D-918A-57CC37CD9405}"
EndProject
Project("{2150E333-8FDC-42A3-9474-1A3956D46DE8}") = "Product", "Product", "{50764963-F042-4D24-A605-FC9F486A83B0}"
EndProject
Project("{2150E333-8FDC-42A3-9474-1A3956D46DE8}") = "src", "src", "{A4E6E29C-6ACD-4283-9D22-B92F769FB6BB}"
EndProject
Project("{FAE04EC0-301F-11D3-BF4B-00C04F79EFBC}") = "Product.Application", "modules\Product\src\Product.Application\Product.Application.csproj", "{0A695A0E-59D0-4243-BD1E-348B713DCE40}"
EndProject
Project("{FAE04EC0-301F-11D3-BF4B-00C04F79EFBC}") = "Product.Application.Contracts", "modules\Product\src\Product.Application.Contracts\Product.Application.Contracts.csproj", "{6E8B06D1-7B57-44F5-8CF2-806B0F57B7A6}"
EndProject
Project("{FAE04EC0-301F-11D3-BF4B-00C04F79EFBC}") = "Product.Domain", "modules\Product\src\Product.Domain\Product.Domain.csproj", "{C4581CD5-26D1-48CB-A12F-4D1B2264BD7C}"
EndProject
Project("{FAE04EC0-301F-11D3-BF4B-00C04F79EFBC}") = "Product.Domain.Shared", "modules\Product\src\Product.Domain.Shared\Product.Domain.Shared.csproj", "{9ABA2F06-8185-4939-96F8-55A05EC9E174}"
EndProject
Project("{FAE04EC0-301F-11D3-BF4B-00C04F79EFBC}") = "Product.HttpApi", "modules\Product\src\Product.HttpApi\Product.HttpApi.csproj", "{B7DA7F67-440D-4353-B65D-86FF3EC7706B}"
EndProject
Project("{FAE04EC0-301F-11D3-BF4B-00C04F79EFBC}") = "Product.MongoDB", "modules\Product\src\Product.MongoDB\Product.MongoDB.csproj", "{37EC7049-3856-4DEA-904D-D5F7A50D9426}"
EndProject
Project("{FAE04EC0-301F-11D3-BF4B-00C04F79EFBC}") = "Product.Web", "modules\Product\src\Product.Web\Product.Web.csproj", "{4DDA7DF6-491B-4644-B876-EC2210F8140F}"
EndProject
Project("{2150E333-8FDC-42A3-9474-1A3956D46DE8}") = "Management", "Management", "{D25467CE-DC01-4B9E-8223-4689D83D2C60}"
EndProject
Project("{2150E333-8FDC-42A3-9474-1A3956D46DE8}") = "src", "src", "{0D168A44-1C42-4BEA-ABE4-EFA048A983C8}"
EndProject
Project("{FAE04EC0-301F-11D3-BF4B-00C04F79EFBC}") = "Management.Application", "modules\Management\src\Management.Application\Management.Application.csproj", "{47309A16-B3E7-4619-8279-15B2860B34E1}"
EndProject
Project("{FAE04EC0-301F-11D3-BF4B-00C04F79EFBC}") = "Management.Application.Contracts", "modules\Management\src\Management.Application.Contracts\Management.Application.Contracts.csproj", "{3DC2B4A1-9961-4B3D-94AD-BB9C9E5878CB}"
EndProject
Project("{FAE04EC0-301F-11D3-BF4B-00C04F79EFBC}") = "Management.Domain", "modules\Management\src\Management.Domain\Management.Domain.csproj", "{8EB7810D-B0AF-4121-9C1C-6EA48238CA96}"
EndProject
Project("{FAE04EC0-301F-11D3-BF4B-00C04F79EFBC}") = "Management.Domain.Shared", "modules\Management\src\Management.Domain.Shared\Management.Domain.Shared.csproj", "{0F762D3C-B3C8-4CDE-801A-09A21917167A}"
EndProject
Project("{FAE04EC0-301F-11D3-BF4B-00C04F79EFBC}") = "Management.HttpApi", "modules\Management\src\Management.HttpApi\Management.HttpApi.csproj", "{35B78396-0FE3-4D9C-A1CE-48097A7CB298}"
EndProject
Project("{FAE04EC0-301F-11D3-BF4B-00C04F79EFBC}") = "Management.MongoDB", "modules\Management\src\Management.MongoDB\Management.MongoDB.csproj", "{8B311EFB-7D33-42BA-BEBB-98BB4ACE5A00}"
EndProject
Project("{FAE04EC0-301F-11D3-BF4B-00C04F79EFBC}") = "Management.Web", "modules\Management\src\Management.Web\Management.Web.csproj", "{011E62E7-1C17-45A8-AC54-64F64E29B6AB}"
EndProject
Project("{FAE04EC0-301F-11D3-BF4B-00C04F79EFBC}") = "Abp.eCommerce.Web.Common", "src\Abp.eCommerce.Web.Common\Abp.eCommerce.Web.Common.csproj", "{8DAB8A5C-6CC2-4333-A829-60CD1A06B922}"
EndProject
Project("{2150E333-8FDC-42A3-9474-1A3956D46DE8}") = "Customer", "Customer", "{5BFBADE8-FB9A-4CBA-9772-66F6BF4C61C4}"
EndProject
Project("{2150E333-8FDC-42A3-9474-1A3956D46DE8}") = "src", "src", "{564C18E3-7B89-4751-AC62-E055A343E365}"
EndProject
Project("{FAE04EC0-301F-11D3-BF4B-00C04F79EFBC}") = "Customer.Application", "modules\Customer\src\Customer.Application\Customer.Application.csproj", "{02801C78-01D3-42AA-925B-29761FB406FA}"
EndProject
Project("{FAE04EC0-301F-11D3-BF4B-00C04F79EFBC}") = "Customer.Application.Contracts", "modules\Customer\src\Customer.Application.Contracts\Customer.Application.Contracts.csproj", "{4C736FCE-FE5D-4184-B29D-EAA143924ECA}"
EndProject
Project("{FAE04EC0-301F-11D3-BF4B-00C04F79EFBC}") = "Customer.Domain", "modules\Customer\src\Customer.Domain\Customer.Domain.csproj", "{C4E13120-321D-4BA0-82B3-136E624E852E}"
EndProject
Project("{FAE04EC0-301F-11D3-BF4B-00C04F79EFBC}") = "Customer.Domain.Shared", "modules\Customer\src\Customer.Domain.Shared\Customer.Domain.Shared.csproj", "{5B8BED08-3442-4738-BC47-6005704D56CD}"
EndProject
Project("{FAE04EC0-301F-11D3-BF4B-00C04F79EFBC}") = "Customer.HttpApi", "modules\Customer\src\Customer.HttpApi\Customer.HttpApi.csproj", "{6F6F37C5-259B-4BAD-87A3-4CC64CDB8B69}"
EndProject
Project("{FAE04EC0-301F-11D3-BF4B-00C04F79EFBC}") = "Customer.MongoDB", "modules\Customer\src\Customer.MongoDB\Customer.MongoDB.csproj", "{5B8DDA67-7768-4FB0-9E09-32804132CFF4}"
EndProject
Project("{FAE04EC0-301F-11D3-BF4B-00C04F79EFBC}") = "Customer.Web", "modules\Customer\src\Customer.Web\Customer.Web.csproj", "{3A3D0747-1F58-4933-9B16-47A8D9C0393D}"
EndProject
Project("{FAE04EC0-301F-11D3-BF4B-00C04F79EFBC}") = "Abp.eCommerce.Web.Public", "src\Abp.eCommerce.Web.Public\Abp.eCommerce.Web.Public.csproj", "{FB5AC688-E384-4ECD-A726-A49B1C25EDB3}"
EndProject
Project("{2150E333-8FDC-42A3-9474-1A3956D46DE8}") = "Order", "Order", "{31164A8A-15D0-4597-B9C6-FFD4EA482A84}"
EndProject
Project("{FAE04EC0-301F-11D3-BF4B-00C04F79EFBC}") = "Order.Application", "modules\Order\src\Order.Application\Order.Application.csproj", "{A08EE033-8EC5-4819-93BB-57580F8C0970}"
EndProject
Project("{FAE04EC0-301F-11D3-BF4B-00C04F79EFBC}") = "Order.Application.Contracts", "modules\Order\src\Order.Application.Contracts\Order.Application.Contracts.csproj", "{687B4544-EB9F-434E-AB41-86DF88CA8A0C}"
EndProject
Project("{FAE04EC0-301F-11D3-BF4B-00C04F79EFBC}") = "Order.Domain", "modules\Order\src\Order.Domain\Order.Domain.csproj", "{0FF7D5CF-6C8C-4B71-8D37-2A5EE9E06465}"
EndProject
Project("{FAE04EC0-301F-11D3-BF4B-00C04F79EFBC}") = "Order.Domain.Shared", "modules\Order\src\Order.Domain.Shared\Order.Domain.Shared.csproj", "{F438FF59-7759-4A20-94C6-A4C9D1BC420B}"
EndProject
Project("{FAE04EC0-301F-11D3-BF4B-00C04F79EFBC}") = "Order.HttpApi", "modules\Order\src\Order.HttpApi\Order.HttpApi.csproj", "{12101BF6-6334-4E93-8711-D60E61259B31}"
EndProject
Project("{FAE04EC0-301F-11D3-BF4B-00C04F79EFBC}") = "Order.MongoDB", "modules\Order\src\Order.MongoDB\Order.MongoDB.csproj", "{CBF86FF7-2F28-4AD5-8094-9C8580587907}"
EndProject
Project("{FAE04EC0-301F-11D3-BF4B-00C04F79EFBC}") = "Order.Web", "modules\Order\src\Order.Web\Order.Web.csproj", "{0787F3A2-5E6F-493D-A92A-5D854C0CCD77}"
EndProject
Project("{2150E333-8FDC-42A3-9474-1A3956D46DE8}") = "Inventory", "Inventory", "{AB1ED5A7-B7C6-496B-9A8D-0AA02A0DCDAB}"
EndProject
Project("{2150E333-8FDC-42A3-9474-1A3956D46DE8}") = "src", "src", "{653895F1-7BF2-440D-A125-49CD27EFE8CE}"
EndProject
Project("{FAE04EC0-301F-11D3-BF4B-00C04F79EFBC}") = "Inventory.Application", "modules\Inventory\src\Inventory.Application\Inventory.Application.csproj", "{32AE0678-03C0-47CB-AA8F-D8583C73A158}"
EndProject
Project("{FAE04EC0-301F-11D3-BF4B-00C04F79EFBC}") = "Inventory.Application.Contracts", "modules\Inventory\src\Inventory.Application.Contracts\Inventory.Application.Contracts.csproj", "{27C82637-D793-40B5-AFAF-A78CE2894ABB}"
EndProject
Project("{FAE04EC0-301F-11D3-BF4B-00C04F79EFBC}") = "Inventory.Domain", "modules\Inventory\src\Inventory.Domain\Inventory.Domain.csproj", "{A51AF44D-9A10-4C3E-B38E-3D424D53F725}"
EndProject
Project("{FAE04EC0-301F-11D3-BF4B-00C04F79EFBC}") = "Inventory.Domain.Shared", "modules\Inventory\src\Inventory.Domain.Shared\Inventory.Domain.Shared.csproj", "{71C9F046-A707-4CBC-BB93-BB35E6549A2F}"
EndProject
Project("{FAE04EC0-301F-11D3-BF4B-00C04F79EFBC}") = "Inventory.HttpApi", "modules\Inventory\src\Inventory.HttpApi\Inventory.HttpApi.csproj", "{3F6B1EA6-6FFD-4AB1-96ED-EF8FADB03997}"
EndProject
Project("{FAE04EC0-301F-11D3-BF4B-00C04F79EFBC}") = "Inventory.MongoDB", "modules\Inventory\src\Inventory.MongoDB\Inventory.MongoDB.csproj", "{9C96BFD9-0163-4C54-91E3-092993C7DA62}"
EndProject
Project("{FAE04EC0-301F-11D3-BF4B-00C04F79EFBC}") = "Inventory.Web", "modules\Inventory\src\Inventory.Web\Inventory.Web.csproj", "{1C80FB4C-9723-41DB-A18D-CAD20E1356EF}"
EndProject
Project("{2150E333-8FDC-42A3-9474-1A3956D46DE8}") = "PaymentTransaction", "PaymentTransaction", "{44B1D2BA-F471-4FE2-BC66-31079A3F39F4}"
EndProject
Project("{2150E333-8FDC-42A3-9474-1A3956D46DE8}") = "src", "src", "{FEEED91C-723D-4FA5-B4D9-2FA56BEC4C1C}"
EndProject
Project("{FAE04EC0-301F-11D3-BF4B-00C04F79EFBC}") = "PaymentTransactions.Application", "modules\PaymentTransactions\src\PaymentTransactions.Application\PaymentTransactions.Application.csproj", "{C28F7550-074A-43A5-8575-D407C8997285}"
EndProject
Project("{FAE04EC0-301F-11D3-BF4B-00C04F79EFBC}") = "PaymentTransactions.Application.Contracts", "modules\PaymentTransactions\src\PaymentTransactions.Application.Contracts\PaymentTransactions.Application.Contracts.csproj", "{57ECA2F1-9C01-4634-BB99-5DF2B7018419}"
EndProject
Project("{FAE04EC0-301F-11D3-BF4B-00C04F79EFBC}") = "PaymentTransactions.Domain", "modules\PaymentTransactions\src\PaymentTransactions.Domain\PaymentTransactions.Domain.csproj", "{C142C173-9144-4ED2-82F9-CB336C77F7E4}"
EndProject
Project("{FAE04EC0-301F-11D3-BF4B-00C04F79EFBC}") = "PaymentTransactions.Domain.Shared", "modules\PaymentTransactions\src\PaymentTransactions.Domain.Shared\PaymentTransactions.Domain.Shared.csproj", "{DF0FCD7A-3AC6-429D-B022-CBDF8E40DC72}"
EndProject
Project("{FAE04EC0-301F-11D3-BF4B-00C04F79EFBC}") = "PaymentTransactions.HttpApi", "modules\PaymentTransactions\src\PaymentTransactions.HttpApi\PaymentTransactions.HttpApi.csproj", "{C37973BD-6895-472C-9F95-78CCB0C05F1A}"
EndProject
Project("{FAE04EC0-301F-11D3-BF4B-00C04F79EFBC}") = "PaymentTransactions.MongoDB", "modules\PaymentTransactions\src\PaymentTransactions.MongoDB\PaymentTransactions.MongoDB.csproj", "{D95A7A7C-325C-45FB-ABC2-7DD34989A7BB}"
EndProject
Project("{FAE04EC0-301F-11D3-BF4B-00C04F79EFBC}") = "PaymentTransactions.Web", "modules\PaymentTransactions\src\PaymentTransactions.Web\PaymentTransactions.Web.csproj", "{2D4D243D-6776-40D4-8990-2BC0A99485D1}"
EndProject
Global
	GlobalSection(SolutionConfigurationPlatforms) = preSolution
		Debug|Any CPU = Debug|Any CPU
		Release|Any CPU = Release|Any CPU
	EndGlobalSection
	GlobalSection(ProjectConfigurationPlatforms) = postSolution
		{554AD327-6DBA-4F8F-96F8-81CE7A0C863F}.Debug|Any CPU.ActiveCfg = Debug|Any CPU
		{554AD327-6DBA-4F8F-96F8-81CE7A0C863F}.Debug|Any CPU.Build.0 = Debug|Any CPU
		{554AD327-6DBA-4F8F-96F8-81CE7A0C863F}.Release|Any CPU.ActiveCfg = Release|Any CPU
		{554AD327-6DBA-4F8F-96F8-81CE7A0C863F}.Release|Any CPU.Build.0 = Release|Any CPU
		{1A94A50E-06DC-43C1-80B5-B662820EC3EB}.Debug|Any CPU.ActiveCfg = Debug|Any CPU
		{1A94A50E-06DC-43C1-80B5-B662820EC3EB}.Debug|Any CPU.Build.0 = Debug|Any CPU
		{1A94A50E-06DC-43C1-80B5-B662820EC3EB}.Release|Any CPU.ActiveCfg = Release|Any CPU
		{1A94A50E-06DC-43C1-80B5-B662820EC3EB}.Release|Any CPU.Build.0 = Release|Any CPU
		{068855E8-9240-4F1A-910B-CF825794513B}.Debug|Any CPU.ActiveCfg = Debug|Any CPU
		{068855E8-9240-4F1A-910B-CF825794513B}.Debug|Any CPU.Build.0 = Debug|Any CPU
		{068855E8-9240-4F1A-910B-CF825794513B}.Release|Any CPU.ActiveCfg = Release|Any CPU
		{068855E8-9240-4F1A-910B-CF825794513B}.Release|Any CPU.Build.0 = Release|Any CPU
		{50B2631D-129C-47B3-A587-029CCD6099BC}.Debug|Any CPU.ActiveCfg = Debug|Any CPU
		{50B2631D-129C-47B3-A587-029CCD6099BC}.Debug|Any CPU.Build.0 = Debug|Any CPU
		{50B2631D-129C-47B3-A587-029CCD6099BC}.Release|Any CPU.ActiveCfg = Release|Any CPU
		{50B2631D-129C-47B3-A587-029CCD6099BC}.Release|Any CPU.Build.0 = Release|Any CPU
		{5F1B28C6-8D0C-4155-92D0-252F7EA5F674}.Debug|Any CPU.ActiveCfg = Debug|Any CPU
		{5F1B28C6-8D0C-4155-92D0-252F7EA5F674}.Debug|Any CPU.Build.0 = Debug|Any CPU
		{5F1B28C6-8D0C-4155-92D0-252F7EA5F674}.Release|Any CPU.ActiveCfg = Release|Any CPU
		{5F1B28C6-8D0C-4155-92D0-252F7EA5F674}.Release|Any CPU.Build.0 = Release|Any CPU
		{E3444355-D47E-431E-BDD0-DD3A7113B2AE}.Debug|Any CPU.ActiveCfg = Debug|Any CPU
		{E3444355-D47E-431E-BDD0-DD3A7113B2AE}.Debug|Any CPU.Build.0 = Debug|Any CPU
		{E3444355-D47E-431E-BDD0-DD3A7113B2AE}.Release|Any CPU.ActiveCfg = Release|Any CPU
		{E3444355-D47E-431E-BDD0-DD3A7113B2AE}.Release|Any CPU.Build.0 = Release|Any CPU
		{42F719ED-8413-4895-B5B4-5AB56079BC66}.Debug|Any CPU.ActiveCfg = Debug|Any CPU
		{42F719ED-8413-4895-B5B4-5AB56079BC66}.Debug|Any CPU.Build.0 = Debug|Any CPU
		{42F719ED-8413-4895-B5B4-5AB56079BC66}.Release|Any CPU.ActiveCfg = Release|Any CPU
		{42F719ED-8413-4895-B5B4-5AB56079BC66}.Release|Any CPU.Build.0 = Release|Any CPU
		{520659C8-C734-4298-A3DA-B539DB9DFC0B}.Debug|Any CPU.ActiveCfg = Debug|Any CPU
		{520659C8-C734-4298-A3DA-B539DB9DFC0B}.Debug|Any CPU.Build.0 = Debug|Any CPU
		{520659C8-C734-4298-A3DA-B539DB9DFC0B}.Release|Any CPU.ActiveCfg = Release|Any CPU
		{520659C8-C734-4298-A3DA-B539DB9DFC0B}.Release|Any CPU.Build.0 = Release|Any CPU
		{4164BDF7-F527-4E85-9CE6-E3C2D7426A27}.Debug|Any CPU.ActiveCfg = Debug|Any CPU
		{4164BDF7-F527-4E85-9CE6-E3C2D7426A27}.Debug|Any CPU.Build.0 = Debug|Any CPU
		{4164BDF7-F527-4E85-9CE6-E3C2D7426A27}.Release|Any CPU.ActiveCfg = Release|Any CPU
		{4164BDF7-F527-4E85-9CE6-E3C2D7426A27}.Release|Any CPU.Build.0 = Release|Any CPU
		{91853F21-9CD9-4132-BC29-A7D5D84FFFE7}.Debug|Any CPU.ActiveCfg = Debug|Any CPU
		{91853F21-9CD9-4132-BC29-A7D5D84FFFE7}.Debug|Any CPU.Build.0 = Debug|Any CPU
		{91853F21-9CD9-4132-BC29-A7D5D84FFFE7}.Release|Any CPU.ActiveCfg = Release|Any CPU
		{91853F21-9CD9-4132-BC29-A7D5D84FFFE7}.Release|Any CPU.Build.0 = Release|Any CPU
		{E512F4D9-9375-480F-A2F6-A46509F9D824}.Debug|Any CPU.ActiveCfg = Debug|Any CPU
		{E512F4D9-9375-480F-A2F6-A46509F9D824}.Debug|Any CPU.Build.0 = Debug|Any CPU
		{E512F4D9-9375-480F-A2F6-A46509F9D824}.Release|Any CPU.ActiveCfg = Release|Any CPU
		{E512F4D9-9375-480F-A2F6-A46509F9D824}.Release|Any CPU.Build.0 = Release|Any CPU
		{6015D17B-104B-4EC2-A9B7-D8A40C891458}.Debug|Any CPU.ActiveCfg = Debug|Any CPU
		{6015D17B-104B-4EC2-A9B7-D8A40C891458}.Debug|Any CPU.Build.0 = Debug|Any CPU
		{6015D17B-104B-4EC2-A9B7-D8A40C891458}.Release|Any CPU.ActiveCfg = Release|Any CPU
		{6015D17B-104B-4EC2-A9B7-D8A40C891458}.Release|Any CPU.Build.0 = Release|Any CPU
		{70680696-BB1E-4383-BCB2-42C3767171FB}.Debug|Any CPU.ActiveCfg = Debug|Any CPU
		{70680696-BB1E-4383-BCB2-42C3767171FB}.Debug|Any CPU.Build.0 = Debug|Any CPU
		{70680696-BB1E-4383-BCB2-42C3767171FB}.Release|Any CPU.ActiveCfg = Release|Any CPU
		{70680696-BB1E-4383-BCB2-42C3767171FB}.Release|Any CPU.Build.0 = Release|Any CPU
		{BD3B9178-E82B-4F2B-A540-0BCE4D3FFBFA}.Debug|Any CPU.ActiveCfg = Debug|Any CPU
		{BD3B9178-E82B-4F2B-A540-0BCE4D3FFBFA}.Debug|Any CPU.Build.0 = Debug|Any CPU
		{BD3B9178-E82B-4F2B-A540-0BCE4D3FFBFA}.Release|Any CPU.ActiveCfg = Release|Any CPU
		{BD3B9178-E82B-4F2B-A540-0BCE4D3FFBFA}.Release|Any CPU.Build.0 = Release|Any CPU
		{8D460357-035F-4CFC-B557-4E9F78DDDE73}.Debug|Any CPU.ActiveCfg = Debug|Any CPU
		{8D460357-035F-4CFC-B557-4E9F78DDDE73}.Debug|Any CPU.Build.0 = Debug|Any CPU
		{8D460357-035F-4CFC-B557-4E9F78DDDE73}.Release|Any CPU.ActiveCfg = Release|Any CPU
		{8D460357-035F-4CFC-B557-4E9F78DDDE73}.Release|Any CPU.Build.0 = Release|Any CPU
		{0A695A0E-59D0-4243-BD1E-348B713DCE40}.Debug|Any CPU.ActiveCfg = Debug|Any CPU
		{0A695A0E-59D0-4243-BD1E-348B713DCE40}.Debug|Any CPU.Build.0 = Debug|Any CPU
		{0A695A0E-59D0-4243-BD1E-348B713DCE40}.Release|Any CPU.ActiveCfg = Release|Any CPU
		{0A695A0E-59D0-4243-BD1E-348B713DCE40}.Release|Any CPU.Build.0 = Release|Any CPU
		{6E8B06D1-7B57-44F5-8CF2-806B0F57B7A6}.Debug|Any CPU.ActiveCfg = Debug|Any CPU
		{6E8B06D1-7B57-44F5-8CF2-806B0F57B7A6}.Debug|Any CPU.Build.0 = Debug|Any CPU
		{6E8B06D1-7B57-44F5-8CF2-806B0F57B7A6}.Release|Any CPU.ActiveCfg = Release|Any CPU
		{6E8B06D1-7B57-44F5-8CF2-806B0F57B7A6}.Release|Any CPU.Build.0 = Release|Any CPU
		{C4581CD5-26D1-48CB-A12F-4D1B2264BD7C}.Debug|Any CPU.ActiveCfg = Debug|Any CPU
		{C4581CD5-26D1-48CB-A12F-4D1B2264BD7C}.Debug|Any CPU.Build.0 = Debug|Any CPU
		{C4581CD5-26D1-48CB-A12F-4D1B2264BD7C}.Release|Any CPU.ActiveCfg = Release|Any CPU
		{C4581CD5-26D1-48CB-A12F-4D1B2264BD7C}.Release|Any CPU.Build.0 = Release|Any CPU
		{9ABA2F06-8185-4939-96F8-55A05EC9E174}.Debug|Any CPU.ActiveCfg = Debug|Any CPU
		{9ABA2F06-8185-4939-96F8-55A05EC9E174}.Debug|Any CPU.Build.0 = Debug|Any CPU
		{9ABA2F06-8185-4939-96F8-55A05EC9E174}.Release|Any CPU.ActiveCfg = Release|Any CPU
		{9ABA2F06-8185-4939-96F8-55A05EC9E174}.Release|Any CPU.Build.0 = Release|Any CPU
		{B7DA7F67-440D-4353-B65D-86FF3EC7706B}.Debug|Any CPU.ActiveCfg = Debug|Any CPU
		{B7DA7F67-440D-4353-B65D-86FF3EC7706B}.Debug|Any CPU.Build.0 = Debug|Any CPU
		{B7DA7F67-440D-4353-B65D-86FF3EC7706B}.Release|Any CPU.ActiveCfg = Release|Any CPU
		{B7DA7F67-440D-4353-B65D-86FF3EC7706B}.Release|Any CPU.Build.0 = Release|Any CPU
		{37EC7049-3856-4DEA-904D-D5F7A50D9426}.Debug|Any CPU.ActiveCfg = Debug|Any CPU
		{37EC7049-3856-4DEA-904D-D5F7A50D9426}.Debug|Any CPU.Build.0 = Debug|Any CPU
		{37EC7049-3856-4DEA-904D-D5F7A50D9426}.Release|Any CPU.ActiveCfg = Release|Any CPU
		{37EC7049-3856-4DEA-904D-D5F7A50D9426}.Release|Any CPU.Build.0 = Release|Any CPU
		{4DDA7DF6-491B-4644-B876-EC2210F8140F}.Debug|Any CPU.ActiveCfg = Debug|Any CPU
		{4DDA7DF6-491B-4644-B876-EC2210F8140F}.Debug|Any CPU.Build.0 = Debug|Any CPU
		{4DDA7DF6-491B-4644-B876-EC2210F8140F}.Release|Any CPU.ActiveCfg = Release|Any CPU
		{4DDA7DF6-491B-4644-B876-EC2210F8140F}.Release|Any CPU.Build.0 = Release|Any CPU
		{47309A16-B3E7-4619-8279-15B2860B34E1}.Debug|Any CPU.ActiveCfg = Debug|Any CPU
		{47309A16-B3E7-4619-8279-15B2860B34E1}.Debug|Any CPU.Build.0 = Debug|Any CPU
		{47309A16-B3E7-4619-8279-15B2860B34E1}.Release|Any CPU.ActiveCfg = Release|Any CPU
		{47309A16-B3E7-4619-8279-15B2860B34E1}.Release|Any CPU.Build.0 = Release|Any CPU
		{3DC2B4A1-9961-4B3D-94AD-BB9C9E5878CB}.Debug|Any CPU.ActiveCfg = Debug|Any CPU
		{3DC2B4A1-9961-4B3D-94AD-BB9C9E5878CB}.Debug|Any CPU.Build.0 = Debug|Any CPU
		{3DC2B4A1-9961-4B3D-94AD-BB9C9E5878CB}.Release|Any CPU.ActiveCfg = Release|Any CPU
		{3DC2B4A1-9961-4B3D-94AD-BB9C9E5878CB}.Release|Any CPU.Build.0 = Release|Any CPU
		{8EB7810D-B0AF-4121-9C1C-6EA48238CA96}.Debug|Any CPU.ActiveCfg = Debug|Any CPU
		{8EB7810D-B0AF-4121-9C1C-6EA48238CA96}.Debug|Any CPU.Build.0 = Debug|Any CPU
		{8EB7810D-B0AF-4121-9C1C-6EA48238CA96}.Release|Any CPU.ActiveCfg = Release|Any CPU
		{8EB7810D-B0AF-4121-9C1C-6EA48238CA96}.Release|Any CPU.Build.0 = Release|Any CPU
		{0F762D3C-B3C8-4CDE-801A-09A21917167A}.Debug|Any CPU.ActiveCfg = Debug|Any CPU
		{0F762D3C-B3C8-4CDE-801A-09A21917167A}.Debug|Any CPU.Build.0 = Debug|Any CPU
		{0F762D3C-B3C8-4CDE-801A-09A21917167A}.Release|Any CPU.ActiveCfg = Release|Any CPU
		{0F762D3C-B3C8-4CDE-801A-09A21917167A}.Release|Any CPU.Build.0 = Release|Any CPU
		{35B78396-0FE3-4D9C-A1CE-48097A7CB298}.Debug|Any CPU.ActiveCfg = Debug|Any CPU
		{35B78396-0FE3-4D9C-A1CE-48097A7CB298}.Debug|Any CPU.Build.0 = Debug|Any CPU
		{35B78396-0FE3-4D9C-A1CE-48097A7CB298}.Release|Any CPU.ActiveCfg = Release|Any CPU
		{35B78396-0FE3-4D9C-A1CE-48097A7CB298}.Release|Any CPU.Build.0 = Release|Any CPU
		{8B311EFB-7D33-42BA-BEBB-98BB4ACE5A00}.Debug|Any CPU.ActiveCfg = Debug|Any CPU
		{8B311EFB-7D33-42BA-BEBB-98BB4ACE5A00}.Debug|Any CPU.Build.0 = Debug|Any CPU
		{8B311EFB-7D33-42BA-BEBB-98BB4ACE5A00}.Release|Any CPU.ActiveCfg = Release|Any CPU
		{8B311EFB-7D33-42BA-BEBB-98BB4ACE5A00}.Release|Any CPU.Build.0 = Release|Any CPU
		{011E62E7-1C17-45A8-AC54-64F64E29B6AB}.Debug|Any CPU.ActiveCfg = Debug|Any CPU
		{011E62E7-1C17-45A8-AC54-64F64E29B6AB}.Debug|Any CPU.Build.0 = Debug|Any CPU
		{011E62E7-1C17-45A8-AC54-64F64E29B6AB}.Release|Any CPU.ActiveCfg = Release|Any CPU
		{011E62E7-1C17-45A8-AC54-64F64E29B6AB}.Release|Any CPU.Build.0 = Release|Any CPU
		{8DAB8A5C-6CC2-4333-A829-60CD1A06B922}.Debug|Any CPU.ActiveCfg = Debug|Any CPU
		{8DAB8A5C-6CC2-4333-A829-60CD1A06B922}.Debug|Any CPU.Build.0 = Debug|Any CPU
		{8DAB8A5C-6CC2-4333-A829-60CD1A06B922}.Release|Any CPU.ActiveCfg = Release|Any CPU
		{8DAB8A5C-6CC2-4333-A829-60CD1A06B922}.Release|Any CPU.Build.0 = Release|Any CPU
		{02801C78-01D3-42AA-925B-29761FB406FA}.Debug|Any CPU.ActiveCfg = Debug|Any CPU
		{02801C78-01D3-42AA-925B-29761FB406FA}.Debug|Any CPU.Build.0 = Debug|Any CPU
		{02801C78-01D3-42AA-925B-29761FB406FA}.Release|Any CPU.ActiveCfg = Release|Any CPU
		{02801C78-01D3-42AA-925B-29761FB406FA}.Release|Any CPU.Build.0 = Release|Any CPU
		{4C736FCE-FE5D-4184-B29D-EAA143924ECA}.Debug|Any CPU.ActiveCfg = Debug|Any CPU
		{4C736FCE-FE5D-4184-B29D-EAA143924ECA}.Debug|Any CPU.Build.0 = Debug|Any CPU
		{4C736FCE-FE5D-4184-B29D-EAA143924ECA}.Release|Any CPU.ActiveCfg = Release|Any CPU
		{4C736FCE-FE5D-4184-B29D-EAA143924ECA}.Release|Any CPU.Build.0 = Release|Any CPU
		{C4E13120-321D-4BA0-82B3-136E624E852E}.Debug|Any CPU.ActiveCfg = Debug|Any CPU
		{C4E13120-321D-4BA0-82B3-136E624E852E}.Debug|Any CPU.Build.0 = Debug|Any CPU
		{C4E13120-321D-4BA0-82B3-136E624E852E}.Release|Any CPU.ActiveCfg = Release|Any CPU
		{C4E13120-321D-4BA0-82B3-136E624E852E}.Release|Any CPU.Build.0 = Release|Any CPU
		{5B8BED08-3442-4738-BC47-6005704D56CD}.Debug|Any CPU.ActiveCfg = Debug|Any CPU
		{5B8BED08-3442-4738-BC47-6005704D56CD}.Debug|Any CPU.Build.0 = Debug|Any CPU
		{5B8BED08-3442-4738-BC47-6005704D56CD}.Release|Any CPU.ActiveCfg = Release|Any CPU
		{5B8BED08-3442-4738-BC47-6005704D56CD}.Release|Any CPU.Build.0 = Release|Any CPU
		{6F6F37C5-259B-4BAD-87A3-4CC64CDB8B69}.Debug|Any CPU.ActiveCfg = Debug|Any CPU
		{6F6F37C5-259B-4BAD-87A3-4CC64CDB8B69}.Debug|Any CPU.Build.0 = Debug|Any CPU
		{6F6F37C5-259B-4BAD-87A3-4CC64CDB8B69}.Release|Any CPU.ActiveCfg = Release|Any CPU
		{6F6F37C5-259B-4BAD-87A3-4CC64CDB8B69}.Release|Any CPU.Build.0 = Release|Any CPU
		{5B8DDA67-7768-4FB0-9E09-32804132CFF4}.Debug|Any CPU.ActiveCfg = Debug|Any CPU
		{5B8DDA67-7768-4FB0-9E09-32804132CFF4}.Debug|Any CPU.Build.0 = Debug|Any CPU
		{5B8DDA67-7768-4FB0-9E09-32804132CFF4}.Release|Any CPU.ActiveCfg = Release|Any CPU
		{5B8DDA67-7768-4FB0-9E09-32804132CFF4}.Release|Any CPU.Build.0 = Release|Any CPU
		{3A3D0747-1F58-4933-9B16-47A8D9C0393D}.Debug|Any CPU.ActiveCfg = Debug|Any CPU
		{3A3D0747-1F58-4933-9B16-47A8D9C0393D}.Debug|Any CPU.Build.0 = Debug|Any CPU
		{3A3D0747-1F58-4933-9B16-47A8D9C0393D}.Release|Any CPU.ActiveCfg = Release|Any CPU
		{3A3D0747-1F58-4933-9B16-47A8D9C0393D}.Release|Any CPU.Build.0 = Release|Any CPU
		{FB5AC688-E384-4ECD-A726-A49B1C25EDB3}.Debug|Any CPU.ActiveCfg = Debug|Any CPU
		{FB5AC688-E384-4ECD-A726-A49B1C25EDB3}.Debug|Any CPU.Build.0 = Debug|Any CPU
		{FB5AC688-E384-4ECD-A726-A49B1C25EDB3}.Release|Any CPU.ActiveCfg = Release|Any CPU
		{FB5AC688-E384-4ECD-A726-A49B1C25EDB3}.Release|Any CPU.Build.0 = Release|Any CPU
		{A08EE033-8EC5-4819-93BB-57580F8C0970}.Debug|Any CPU.ActiveCfg = Debug|Any CPU
		{A08EE033-8EC5-4819-93BB-57580F8C0970}.Debug|Any CPU.Build.0 = Debug|Any CPU
		{A08EE033-8EC5-4819-93BB-57580F8C0970}.Release|Any CPU.ActiveCfg = Release|Any CPU
		{A08EE033-8EC5-4819-93BB-57580F8C0970}.Release|Any CPU.Build.0 = Release|Any CPU
		{687B4544-EB9F-434E-AB41-86DF88CA8A0C}.Debug|Any CPU.ActiveCfg = Debug|Any CPU
		{687B4544-EB9F-434E-AB41-86DF88CA8A0C}.Debug|Any CPU.Build.0 = Debug|Any CPU
		{687B4544-EB9F-434E-AB41-86DF88CA8A0C}.Release|Any CPU.ActiveCfg = Release|Any CPU
		{687B4544-EB9F-434E-AB41-86DF88CA8A0C}.Release|Any CPU.Build.0 = Release|Any CPU
		{0FF7D5CF-6C8C-4B71-8D37-2A5EE9E06465}.Debug|Any CPU.ActiveCfg = Debug|Any CPU
		{0FF7D5CF-6C8C-4B71-8D37-2A5EE9E06465}.Debug|Any CPU.Build.0 = Debug|Any CPU
		{0FF7D5CF-6C8C-4B71-8D37-2A5EE9E06465}.Release|Any CPU.ActiveCfg = Release|Any CPU
		{0FF7D5CF-6C8C-4B71-8D37-2A5EE9E06465}.Release|Any CPU.Build.0 = Release|Any CPU
		{F438FF59-7759-4A20-94C6-A4C9D1BC420B}.Debug|Any CPU.ActiveCfg = Debug|Any CPU
		{F438FF59-7759-4A20-94C6-A4C9D1BC420B}.Debug|Any CPU.Build.0 = Debug|Any CPU
		{F438FF59-7759-4A20-94C6-A4C9D1BC420B}.Release|Any CPU.ActiveCfg = Release|Any CPU
		{F438FF59-7759-4A20-94C6-A4C9D1BC420B}.Release|Any CPU.Build.0 = Release|Any CPU
		{12101BF6-6334-4E93-8711-D60E61259B31}.Debug|Any CPU.ActiveCfg = Debug|Any CPU
		{12101BF6-6334-4E93-8711-D60E61259B31}.Debug|Any CPU.Build.0 = Debug|Any CPU
		{12101BF6-6334-4E93-8711-D60E61259B31}.Release|Any CPU.ActiveCfg = Release|Any CPU
		{12101BF6-6334-4E93-8711-D60E61259B31}.Release|Any CPU.Build.0 = Release|Any CPU
		{CBF86FF7-2F28-4AD5-8094-9C8580587907}.Debug|Any CPU.ActiveCfg = Debug|Any CPU
		{CBF86FF7-2F28-4AD5-8094-9C8580587907}.Debug|Any CPU.Build.0 = Debug|Any CPU
		{CBF86FF7-2F28-4AD5-8094-9C8580587907}.Release|Any CPU.ActiveCfg = Release|Any CPU
		{CBF86FF7-2F28-4AD5-8094-9C8580587907}.Release|Any CPU.Build.0 = Release|Any CPU
		{0787F3A2-5E6F-493D-A92A-5D854C0CCD77}.Debug|Any CPU.ActiveCfg = Debug|Any CPU
		{0787F3A2-5E6F-493D-A92A-5D854C0CCD77}.Debug|Any CPU.Build.0 = Debug|Any CPU
		{0787F3A2-5E6F-493D-A92A-5D854C0CCD77}.Release|Any CPU.ActiveCfg = Release|Any CPU
		{0787F3A2-5E6F-493D-A92A-5D854C0CCD77}.Release|Any CPU.Build.0 = Release|Any CPU
		{32AE0678-03C0-47CB-AA8F-D8583C73A158}.Debug|Any CPU.ActiveCfg = Debug|Any CPU
		{32AE0678-03C0-47CB-AA8F-D8583C73A158}.Debug|Any CPU.Build.0 = Debug|Any CPU
		{32AE0678-03C0-47CB-AA8F-D8583C73A158}.Release|Any CPU.ActiveCfg = Release|Any CPU
		{32AE0678-03C0-47CB-AA8F-D8583C73A158}.Release|Any CPU.Build.0 = Release|Any CPU
		{27C82637-D793-40B5-AFAF-A78CE2894ABB}.Debug|Any CPU.ActiveCfg = Debug|Any CPU
		{27C82637-D793-40B5-AFAF-A78CE2894ABB}.Debug|Any CPU.Build.0 = Debug|Any CPU
		{27C82637-D793-40B5-AFAF-A78CE2894ABB}.Release|Any CPU.ActiveCfg = Release|Any CPU
		{27C82637-D793-40B5-AFAF-A78CE2894ABB}.Release|Any CPU.Build.0 = Release|Any CPU
		{A51AF44D-9A10-4C3E-B38E-3D424D53F725}.Debug|Any CPU.ActiveCfg = Debug|Any CPU
		{A51AF44D-9A10-4C3E-B38E-3D424D53F725}.Debug|Any CPU.Build.0 = Debug|Any CPU
		{A51AF44D-9A10-4C3E-B38E-3D424D53F725}.Release|Any CPU.ActiveCfg = Release|Any CPU
		{A51AF44D-9A10-4C3E-B38E-3D424D53F725}.Release|Any CPU.Build.0 = Release|Any CPU
		{71C9F046-A707-4CBC-BB93-BB35E6549A2F}.Debug|Any CPU.ActiveCfg = Debug|Any CPU
		{71C9F046-A707-4CBC-BB93-BB35E6549A2F}.Debug|Any CPU.Build.0 = Debug|Any CPU
		{71C9F046-A707-4CBC-BB93-BB35E6549A2F}.Release|Any CPU.ActiveCfg = Release|Any CPU
		{71C9F046-A707-4CBC-BB93-BB35E6549A2F}.Release|Any CPU.Build.0 = Release|Any CPU
		{3F6B1EA6-6FFD-4AB1-96ED-EF8FADB03997}.Debug|Any CPU.ActiveCfg = Debug|Any CPU
		{3F6B1EA6-6FFD-4AB1-96ED-EF8FADB03997}.Debug|Any CPU.Build.0 = Debug|Any CPU
		{3F6B1EA6-6FFD-4AB1-96ED-EF8FADB03997}.Release|Any CPU.ActiveCfg = Release|Any CPU
		{3F6B1EA6-6FFD-4AB1-96ED-EF8FADB03997}.Release|Any CPU.Build.0 = Release|Any CPU
		{9C96BFD9-0163-4C54-91E3-092993C7DA62}.Debug|Any CPU.ActiveCfg = Debug|Any CPU
		{9C96BFD9-0163-4C54-91E3-092993C7DA62}.Debug|Any CPU.Build.0 = Debug|Any CPU
		{9C96BFD9-0163-4C54-91E3-092993C7DA62}.Release|Any CPU.ActiveCfg = Release|Any CPU
		{9C96BFD9-0163-4C54-91E3-092993C7DA62}.Release|Any CPU.Build.0 = Release|Any CPU
		{1C80FB4C-9723-41DB-A18D-CAD20E1356EF}.Debug|Any CPU.ActiveCfg = Debug|Any CPU
		{1C80FB4C-9723-41DB-A18D-CAD20E1356EF}.Debug|Any CPU.Build.0 = Debug|Any CPU
		{1C80FB4C-9723-41DB-A18D-CAD20E1356EF}.Release|Any CPU.ActiveCfg = Release|Any CPU
		{1C80FB4C-9723-41DB-A18D-CAD20E1356EF}.Release|Any CPU.Build.0 = Release|Any CPU
		{C28F7550-074A-43A5-8575-D407C8997285}.Debug|Any CPU.ActiveCfg = Debug|Any CPU
		{C28F7550-074A-43A5-8575-D407C8997285}.Debug|Any CPU.Build.0 = Debug|Any CPU
		{C28F7550-074A-43A5-8575-D407C8997285}.Release|Any CPU.ActiveCfg = Release|Any CPU
		{C28F7550-074A-43A5-8575-D407C8997285}.Release|Any CPU.Build.0 = Release|Any CPU
		{57ECA2F1-9C01-4634-BB99-5DF2B7018419}.Debug|Any CPU.ActiveCfg = Debug|Any CPU
		{57ECA2F1-9C01-4634-BB99-5DF2B7018419}.Debug|Any CPU.Build.0 = Debug|Any CPU
		{57ECA2F1-9C01-4634-BB99-5DF2B7018419}.Release|Any CPU.ActiveCfg = Release|Any CPU
		{57ECA2F1-9C01-4634-BB99-5DF2B7018419}.Release|Any CPU.Build.0 = Release|Any CPU
		{C142C173-9144-4ED2-82F9-CB336C77F7E4}.Debug|Any CPU.ActiveCfg = Debug|Any CPU
		{C142C173-9144-4ED2-82F9-CB336C77F7E4}.Debug|Any CPU.Build.0 = Debug|Any CPU
		{C142C173-9144-4ED2-82F9-CB336C77F7E4}.Release|Any CPU.ActiveCfg = Release|Any CPU
		{C142C173-9144-4ED2-82F9-CB336C77F7E4}.Release|Any CPU.Build.0 = Release|Any CPU
		{DF0FCD7A-3AC6-429D-B022-CBDF8E40DC72}.Debug|Any CPU.ActiveCfg = Debug|Any CPU
		{DF0FCD7A-3AC6-429D-B022-CBDF8E40DC72}.Debug|Any CPU.Build.0 = Debug|Any CPU
		{DF0FCD7A-3AC6-429D-B022-CBDF8E40DC72}.Release|Any CPU.ActiveCfg = Release|Any CPU
		{DF0FCD7A-3AC6-429D-B022-CBDF8E40DC72}.Release|Any CPU.Build.0 = Release|Any CPU
		{C37973BD-6895-472C-9F95-78CCB0C05F1A}.Debug|Any CPU.ActiveCfg = Debug|Any CPU
		{C37973BD-6895-472C-9F95-78CCB0C05F1A}.Debug|Any CPU.Build.0 = Debug|Any CPU
		{C37973BD-6895-472C-9F95-78CCB0C05F1A}.Release|Any CPU.ActiveCfg = Release|Any CPU
		{C37973BD-6895-472C-9F95-78CCB0C05F1A}.Release|Any CPU.Build.0 = Release|Any CPU
		{D95A7A7C-325C-45FB-ABC2-7DD34989A7BB}.Debug|Any CPU.ActiveCfg = Debug|Any CPU
		{D95A7A7C-325C-45FB-ABC2-7DD34989A7BB}.Debug|Any CPU.Build.0 = Debug|Any CPU
		{D95A7A7C-325C-45FB-ABC2-7DD34989A7BB}.Release|Any CPU.ActiveCfg = Release|Any CPU
		{D95A7A7C-325C-45FB-ABC2-7DD34989A7BB}.Release|Any CPU.Build.0 = Release|Any CPU
		{2D4D243D-6776-40D4-8990-2BC0A99485D1}.Debug|Any CPU.ActiveCfg = Debug|Any CPU
		{2D4D243D-6776-40D4-8990-2BC0A99485D1}.Debug|Any CPU.Build.0 = Debug|Any CPU
		{2D4D243D-6776-40D4-8990-2BC0A99485D1}.Release|Any CPU.ActiveCfg = Release|Any CPU
		{2D4D243D-6776-40D4-8990-2BC0A99485D1}.Release|Any CPU.Build.0 = Release|Any CPU
	EndGlobalSection
	GlobalSection(SolutionProperties) = preSolution
		HideSolutionNode = FALSE
	EndGlobalSection
	GlobalSection(NestedProjects) = preSolution
		{554AD327-6DBA-4F8F-96F8-81CE7A0C863F} = {CA9AC87F-097E-4F15-8393-4BC07735A5B0}
		{1A94A50E-06DC-43C1-80B5-B662820EC3EB} = {CA9AC87F-097E-4F15-8393-4BC07735A5B0}
		{068855E8-9240-4F1A-910B-CF825794513B} = {CA9AC87F-097E-4F15-8393-4BC07735A5B0}
		{50B2631D-129C-47B3-A587-029CCD6099BC} = {04DBDB01-70F4-4E06-B468-8F87850B22BE}
		{5F1B28C6-8D0C-4155-92D0-252F7EA5F674} = {04DBDB01-70F4-4E06-B468-8F87850B22BE}
		{E3444355-D47E-431E-BDD0-DD3A7113B2AE} = {CA9AC87F-097E-4F15-8393-4BC07735A5B0}
		{42F719ED-8413-4895-B5B4-5AB56079BC66} = {CA9AC87F-097E-4F15-8393-4BC07735A5B0}
		{520659C8-C734-4298-A3DA-B539DB9DFC0B} = {CA9AC87F-097E-4F15-8393-4BC07735A5B0}
		{4164BDF7-F527-4E85-9CE6-E3C2D7426A27} = {CA9AC87F-097E-4F15-8393-4BC07735A5B0}
		{91853F21-9CD9-4132-BC29-A7D5D84FFFE7} = {04DBDB01-70F4-4E06-B468-8F87850B22BE}
		{E512F4D9-9375-480F-A2F6-A46509F9D824} = {04DBDB01-70F4-4E06-B468-8F87850B22BE}
		{6015D17B-104B-4EC2-A9B7-D8A40C891458} = {04DBDB01-70F4-4E06-B468-8F87850B22BE}
		{70680696-BB1E-4383-BCB2-42C3767171FB} = {CA9AC87F-097E-4F15-8393-4BC07735A5B0}
		{BD3B9178-E82B-4F2B-A540-0BCE4D3FFBFA} = {CA9AC87F-097E-4F15-8393-4BC07735A5B0}
		{8D460357-035F-4CFC-B557-4E9F78DDDE73} = {CA9AC87F-097E-4F15-8393-4BC07735A5B0}
		{50764963-F042-4D24-A605-FC9F486A83B0} = {8E68D527-551B-4D8D-918A-57CC37CD9405}
		{A4E6E29C-6ACD-4283-9D22-B92F769FB6BB} = {50764963-F042-4D24-A605-FC9F486A83B0}
		{0A695A0E-59D0-4243-BD1E-348B713DCE40} = {A4E6E29C-6ACD-4283-9D22-B92F769FB6BB}
		{6E8B06D1-7B57-44F5-8CF2-806B0F57B7A6} = {A4E6E29C-6ACD-4283-9D22-B92F769FB6BB}
		{C4581CD5-26D1-48CB-A12F-4D1B2264BD7C} = {A4E6E29C-6ACD-4283-9D22-B92F769FB6BB}
		{9ABA2F06-8185-4939-96F8-55A05EC9E174} = {A4E6E29C-6ACD-4283-9D22-B92F769FB6BB}
		{B7DA7F67-440D-4353-B65D-86FF3EC7706B} = {A4E6E29C-6ACD-4283-9D22-B92F769FB6BB}
		{37EC7049-3856-4DEA-904D-D5F7A50D9426} = {A4E6E29C-6ACD-4283-9D22-B92F769FB6BB}
		{4DDA7DF6-491B-4644-B876-EC2210F8140F} = {A4E6E29C-6ACD-4283-9D22-B92F769FB6BB}
		{D25467CE-DC01-4B9E-8223-4689D83D2C60} = {8E68D527-551B-4D8D-918A-57CC37CD9405}
		{0D168A44-1C42-4BEA-ABE4-EFA048A983C8} = {D25467CE-DC01-4B9E-8223-4689D83D2C60}
		{47309A16-B3E7-4619-8279-15B2860B34E1} = {0D168A44-1C42-4BEA-ABE4-EFA048A983C8}
		{3DC2B4A1-9961-4B3D-94AD-BB9C9E5878CB} = {0D168A44-1C42-4BEA-ABE4-EFA048A983C8}
		{8EB7810D-B0AF-4121-9C1C-6EA48238CA96} = {0D168A44-1C42-4BEA-ABE4-EFA048A983C8}
		{0F762D3C-B3C8-4CDE-801A-09A21917167A} = {0D168A44-1C42-4BEA-ABE4-EFA048A983C8}
		{35B78396-0FE3-4D9C-A1CE-48097A7CB298} = {0D168A44-1C42-4BEA-ABE4-EFA048A983C8}
		{8B311EFB-7D33-42BA-BEBB-98BB4ACE5A00} = {0D168A44-1C42-4BEA-ABE4-EFA048A983C8}
		{011E62E7-1C17-45A8-AC54-64F64E29B6AB} = {0D168A44-1C42-4BEA-ABE4-EFA048A983C8}
		{8DAB8A5C-6CC2-4333-A829-60CD1A06B922} = {CA9AC87F-097E-4F15-8393-4BC07735A5B0}
		{5BFBADE8-FB9A-4CBA-9772-66F6BF4C61C4} = {8E68D527-551B-4D8D-918A-57CC37CD9405}
		{564C18E3-7B89-4751-AC62-E055A343E365} = {5BFBADE8-FB9A-4CBA-9772-66F6BF4C61C4}
		{02801C78-01D3-42AA-925B-29761FB406FA} = {564C18E3-7B89-4751-AC62-E055A343E365}
		{4C736FCE-FE5D-4184-B29D-EAA143924ECA} = {564C18E3-7B89-4751-AC62-E055A343E365}
		{C4E13120-321D-4BA0-82B3-136E624E852E} = {564C18E3-7B89-4751-AC62-E055A343E365}
		{5B8BED08-3442-4738-BC47-6005704D56CD} = {564C18E3-7B89-4751-AC62-E055A343E365}
		{6F6F37C5-259B-4BAD-87A3-4CC64CDB8B69} = {564C18E3-7B89-4751-AC62-E055A343E365}
		{5B8DDA67-7768-4FB0-9E09-32804132CFF4} = {564C18E3-7B89-4751-AC62-E055A343E365}
		{3A3D0747-1F58-4933-9B16-47A8D9C0393D} = {564C18E3-7B89-4751-AC62-E055A343E365}
		{FB5AC688-E384-4ECD-A726-A49B1C25EDB3} = {CA9AC87F-097E-4F15-8393-4BC07735A5B0}
		{31164A8A-15D0-4597-B9C6-FFD4EA482A84} = {8E68D527-551B-4D8D-918A-57CC37CD9405}
		{A08EE033-8EC5-4819-93BB-57580F8C0970} = {31164A8A-15D0-4597-B9C6-FFD4EA482A84}
		{687B4544-EB9F-434E-AB41-86DF88CA8A0C} = {31164A8A-15D0-4597-B9C6-FFD4EA482A84}
		{0FF7D5CF-6C8C-4B71-8D37-2A5EE9E06465} = {31164A8A-15D0-4597-B9C6-FFD4EA482A84}
		{F438FF59-7759-4A20-94C6-A4C9D1BC420B} = {31164A8A-15D0-4597-B9C6-FFD4EA482A84}
		{12101BF6-6334-4E93-8711-D60E61259B31} = {31164A8A-15D0-4597-B9C6-FFD4EA482A84}
		{CBF86FF7-2F28-4AD5-8094-9C8580587907} = {31164A8A-15D0-4597-B9C6-FFD4EA482A84}
		{0787F3A2-5E6F-493D-A92A-5D854C0CCD77} = {31164A8A-15D0-4597-B9C6-FFD4EA482A84}
		{AB1ED5A7-B7C6-496B-9A8D-0AA02A0DCDAB} = {8E68D527-551B-4D8D-918A-57CC37CD9405}
		{653895F1-7BF2-440D-A125-49CD27EFE8CE} = {AB1ED5A7-B7C6-496B-9A8D-0AA02A0DCDAB}
		{32AE0678-03C0-47CB-AA8F-D8583C73A158} = {653895F1-7BF2-440D-A125-49CD27EFE8CE}
		{27C82637-D793-40B5-AFAF-A78CE2894ABB} = {653895F1-7BF2-440D-A125-49CD27EFE8CE}
		{A51AF44D-9A10-4C3E-B38E-3D424D53F725} = {653895F1-7BF2-440D-A125-49CD27EFE8CE}
		{71C9F046-A707-4CBC-BB93-BB35E6549A2F} = {653895F1-7BF2-440D-A125-49CD27EFE8CE}
		{3F6B1EA6-6FFD-4AB1-96ED-EF8FADB03997} = {653895F1-7BF2-440D-A125-49CD27EFE8CE}
		{9C96BFD9-0163-4C54-91E3-092993C7DA62} = {653895F1-7BF2-440D-A125-49CD27EFE8CE}
		{1C80FB4C-9723-41DB-A18D-CAD20E1356EF} = {653895F1-7BF2-440D-A125-49CD27EFE8CE}
		{44B1D2BA-F471-4FE2-BC66-31079A3F39F4} = {8E68D527-551B-4D8D-918A-57CC37CD9405}
		{FEEED91C-723D-4FA5-B4D9-2FA56BEC4C1C} = {44B1D2BA-F471-4FE2-BC66-31079A3F39F4}
		{C28F7550-074A-43A5-8575-D407C8997285} = {FEEED91C-723D-4FA5-B4D9-2FA56BEC4C1C}
		{57ECA2F1-9C01-4634-BB99-5DF2B7018419} = {FEEED91C-723D-4FA5-B4D9-2FA56BEC4C1C}
		{C142C173-9144-4ED2-82F9-CB336C77F7E4} = {FEEED91C-723D-4FA5-B4D9-2FA56BEC4C1C}
		{DF0FCD7A-3AC6-429D-B022-CBDF8E40DC72} = {FEEED91C-723D-4FA5-B4D9-2FA56BEC4C1C}
		{C37973BD-6895-472C-9F95-78CCB0C05F1A} = {FEEED91C-723D-4FA5-B4D9-2FA56BEC4C1C}
		{D95A7A7C-325C-45FB-ABC2-7DD34989A7BB} = {FEEED91C-723D-4FA5-B4D9-2FA56BEC4C1C}
		{2D4D243D-6776-40D4-8990-2BC0A99485D1} = {FEEED91C-723D-4FA5-B4D9-2FA56BEC4C1C}
	EndGlobalSection
	GlobalSection(ExtensibilityGlobals) = postSolution
		SolutionGuid = {28315BFD-90E7-4E14-A2EA-F3D23AF4126F}
	EndGlobalSection
EndGlobal
